
Microsoft Visual Studio Solution File, Format Version 12.00
# Visual Studio Version 16
VisualStudioVersion = 16.0.31624.102
MinimumVisualStudioVersion = 10.0.40219.1
Project("{2150E333-8FDC-42A3-9474-1A3956D46DE8}") = "5. UnitTest", "5. UnitTest", "{165AFCAF-46AB-4E82-96FB-3001FBC02724}"
EndProject
Project("{2150E333-8FDC-42A3-9474-1A3956D46DE8}") = "0. Framework", "0. Framework", "{76860361-F9C6-4B50-ADCB-74F588183B08}"
EndProject
Project("{2150E333-8FDC-42A3-9474-1A3956D46DE8}") = "1. DAL", "1. DAL", "{E840E1D3-BC98-4AB7-9FE6-4474E67C00EE}"
EndProject
Project("{2150E333-8FDC-42A3-9474-1A3956D46DE8}") = "2. BLL", "2. BLL", "{10C3D546-DC63-481A-8552-9BCD4BAD11E8}"
EndProject
Project("{2150E333-8FDC-42A3-9474-1A3956D46DE8}") = "3. Front", "3. Front", "{F67ECA25-BCCF-4A58-9A8B-545AAB0D608D}"
EndProject
Project("{2150E333-8FDC-42A3-9474-1A3956D46DE8}") = "4. GUI", "4. GUI", "{0A36529D-922B-472A-9FF4-AB163450D8F4}"
EndProject
Project("{2150E333-8FDC-42A3-9474-1A3956D46DE8}") = "6. IDS", "6. IDS", "{7DA681E3-BC65-44FD-8C92-BB7D7D4FF1D5}"
EndProject
Project("{2150E333-8FDC-42A3-9474-1A3956D46DE8}") = "ReadAPI", "ReadAPI", "{31DC3835-3535-4BCE-A4B9-DFCF1FAD1CFE}"
EndProject
Project("{2150E333-8FDC-42A3-9474-1A3956D46DE8}") = "WriteAPI", "WriteAPI", "{5D7E715D-FD5E-4BCB-A775-135F5B6CBBE6}"
EndProject
Project("{9A19103F-16F7-4668-BE54-9A1E7A4F7556}") = "FleetManagement.Domain", "..\FleetManagement.DAL\FleetManagement.Domain.csproj", "{457646F2-AD65-4DDB-8B4A-123921785876}"
EndProject
Project("{9A19103F-16F7-4668-BE54-9A1E7A4F7556}") = "FleetManagement.Framework", "..\FleetManagement.Framework\FleetManagement.Framework.csproj", "{5D07FA25-D5E3-4FF2-920E-8322C29DBA1D}"
EndProject
Project("{9A19103F-16F7-4668-BE54-9A1E7A4F7556}") = "FleetManagement.BLL", "..\FleetManagement.BusinessLogic\FleetManagement.BLL.csproj", "{C538D721-4E12-42AF-9645-544B77518BB9}"
EndProject
Project("{9A19103F-16F7-4668-BE54-9A1E7A4F7556}") = "FleetManagement.ReadAPI", "..\FleetManagement.ReadAPI\FleetManagement.ReadAPI.csproj", "{6368B2B8-1634-425D-BA8F-592F24C727AC}"
EndProject
Project("{9A19103F-16F7-4668-BE54-9A1E7A4F7556}") = "FleetManager.EFCore", "..\FleetManager.DAL.EFCore\FleetManager.EFCore.csproj", "{505907DF-73B8-4630-8666-941E72438668}"
EndProject
Project("{9A19103F-16F7-4668-BE54-9A1E7A4F7556}") = "FleetManager.Dapper", "..\FleetManager.Dapper\FleetManager.Dapper.csproj", "{DFD6AB62-3336-4437-B1D3-D349579AE0A7}"
EndProject
Project("{9A19103F-16F7-4668-BE54-9A1E7A4F7556}") = "FleetManagement.WriteAPI", "FleetManagement.WriteAPI\FleetManagement.WriteAPI.csproj", "{B4A379EE-C5DB-4DED-83DD-B2FC7C92E03F}"
EndProject
Global
	GlobalSection(SolutionConfigurationPlatforms) = preSolution
		Debug|Any CPU = Debug|Any CPU
		Release|Any CPU = Release|Any CPU
	EndGlobalSection
	GlobalSection(ProjectConfigurationPlatforms) = postSolution
		{457646F2-AD65-4DDB-8B4A-123921785876}.Debug|Any CPU.ActiveCfg = Debug|Any CPU
		{457646F2-AD65-4DDB-8B4A-123921785876}.Debug|Any CPU.Build.0 = Debug|Any CPU
		{457646F2-AD65-4DDB-8B4A-123921785876}.Release|Any CPU.ActiveCfg = Release|Any CPU
		{457646F2-AD65-4DDB-8B4A-123921785876}.Release|Any CPU.Build.0 = Release|Any CPU
		{5D07FA25-D5E3-4FF2-920E-8322C29DBA1D}.Debug|Any CPU.ActiveCfg = Debug|Any CPU
		{5D07FA25-D5E3-4FF2-920E-8322C29DBA1D}.Debug|Any CPU.Build.0 = Debug|Any CPU
		{5D07FA25-D5E3-4FF2-920E-8322C29DBA1D}.Release|Any CPU.ActiveCfg = Release|Any CPU
		{5D07FA25-D5E3-4FF2-920E-8322C29DBA1D}.Release|Any CPU.Build.0 = Release|Any CPU
		{C538D721-4E12-42AF-9645-544B77518BB9}.Debug|Any CPU.ActiveCfg = Debug|Any CPU
		{C538D721-4E12-42AF-9645-544B77518BB9}.Debug|Any CPU.Build.0 = Debug|Any CPU
		{C538D721-4E12-42AF-9645-544B77518BB9}.Release|Any CPU.ActiveCfg = Release|Any CPU
		{C538D721-4E12-42AF-9645-544B77518BB9}.Release|Any CPU.Build.0 = Release|Any CPU
		{6368B2B8-1634-425D-BA8F-592F24C727AC}.Debug|Any CPU.ActiveCfg = Debug|Any CPU
		{6368B2B8-1634-425D-BA8F-592F24C727AC}.Debug|Any CPU.Build.0 = Debug|Any CPU
		{6368B2B8-1634-425D-BA8F-592F24C727AC}.Release|Any CPU.ActiveCfg = Release|Any CPU
		{6368B2B8-1634-425D-BA8F-592F24C727AC}.Release|Any CPU.Build.0 = Release|Any CPU
		{505907DF-73B8-4630-8666-941E72438668}.Debug|Any CPU.ActiveCfg = Debug|Any CPU
		{505907DF-73B8-4630-8666-941E72438668}.Debug|Any CPU.Build.0 = Debug|Any CPU
		{505907DF-73B8-4630-8666-941E72438668}.Release|Any CPU.ActiveCfg = Release|Any CPU
		{505907DF-73B8-4630-8666-941E72438668}.Release|Any CPU.Build.0 = Release|Any CPU
		{DFD6AB62-3336-4437-B1D3-D349579AE0A7}.Debug|Any CPU.ActiveCfg = Debug|Any CPU
		{DFD6AB62-3336-4437-B1D3-D349579AE0A7}.Debug|Any CPU.Build.0 = Debug|Any CPU
		{DFD6AB62-3336-4437-B1D3-D349579AE0A7}.Release|Any CPU.ActiveCfg = Release|Any CPU
		{DFD6AB62-3336-4437-B1D3-D349579AE0A7}.Release|Any CPU.Build.0 = Release|Any CPU
		{B4A379EE-C5DB-4DED-83DD-B2FC7C92E03F}.Debug|Any CPU.ActiveCfg = Debug|Any CPU
		{B4A379EE-C5DB-4DED-83DD-B2FC7C92E03F}.Debug|Any CPU.Build.0 = Debug|Any CPU
		{B4A379EE-C5DB-4DED-83DD-B2FC7C92E03F}.Release|Any CPU.ActiveCfg = Release|Any CPU
		{B4A379EE-C5DB-4DED-83DD-B2FC7C92E03F}.Release|Any CPU.Build.0 = Release|Any CPU
	EndGlobalSection
	GlobalSection(SolutionProperties) = preSolution
		HideSolutionNode = FALSE
	EndGlobalSection
	GlobalSection(NestedProjects) = preSolution
		{31DC3835-3535-4BCE-A4B9-DFCF1FAD1CFE} = {F67ECA25-BCCF-4A58-9A8B-545AAB0D608D}
		{5D7E715D-FD5E-4BCB-A775-135F5B6CBBE6} = {F67ECA25-BCCF-4A58-9A8B-545AAB0D608D}
		{457646F2-AD65-4DDB-8B4A-123921785876} = {E840E1D3-BC98-4AB7-9FE6-4474E67C00EE}
		{5D07FA25-D5E3-4FF2-920E-8322C29DBA1D} = {76860361-F9C6-4B50-ADCB-74F588183B08}
		{C538D721-4E12-42AF-9645-544B77518BB9} = {10C3D546-DC63-481A-8552-9BCD4BAD11E8}
		{6368B2B8-1634-425D-BA8F-592F24C727AC} = {31DC3835-3535-4BCE-A4B9-DFCF1FAD1CFE}
		{505907DF-73B8-4630-8666-941E72438668} = {E840E1D3-BC98-4AB7-9FE6-4474E67C00EE}
		{DFD6AB62-3336-4437-B1D3-D349579AE0A7} = {E840E1D3-BC98-4AB7-9FE6-4474E67C00EE}
		{B4A379EE-C5DB-4DED-83DD-B2FC7C92E03F} = {5D7E715D-FD5E-4BCB-A775-135F5B6CBBE6}
	EndGlobalSection
	GlobalSection(ExtensibilityGlobals) = postSolution
		SolutionGuid = {164121FE-8757-4507-9B7B-5ACD655C7D15}
	EndGlobalSection
EndGlobal
